
Microsoft Visual Studio Solution File, Format Version 12.00
# Visual Studio Version 17
VisualStudioVersion = 17.0.32126.317
MinimumVisualStudioVersion = 10.0.40219.1
Project("{8BC9CEB8-8B4A-11D0-8D11-00A0C91BC942}") = "C++代码", "C++代码.vcxproj", "{5DE8B2C4-90D7-480F-9AEE-BD9F450DF0BD}"
EndProject
Project("{8BC9CEB8-8B4A-11D0-8D11-00A0C91BC942}") = "Project1", "..\Project1\Project1.vcxproj", "{9F38BEE5-EC2A-4987-89F5-4B80397CCAAB}"
EndProject
Project("{8BC9CEB8-8B4A-11D0-8D11-00A0C91BC942}") = "Project2", "..\Project2\Project2.vcxproj", "{9C86E356-1452-4C31-A453-D96F7708BEFF}"
EndProject
Project("{8BC9CEB8-8B4A-11D0-8D11-00A0C91BC942}") = "Project3", "..\Project3\Project3.vcxproj", "{30DFEC27-EE6B-42A6-A4FE-F86F73824FBB}"
EndProject
Global
	GlobalSection(SolutionConfigurationPlatforms) = preSolution
		Debug|x64 = Debug|x64
		Debug|x86 = Debug|x86
		Release|x64 = Release|x64
		Release|x86 = Release|x86
	EndGlobalSection
	GlobalSection(ProjectConfigurationPlatforms) = postSolution
		{5DE8B2C4-90D7-480F-9AEE-BD9F450DF0BD}.Debug|x64.ActiveCfg = Debug|x64
		{5DE8B2C4-90D7-480F-9AEE-BD9F450DF0BD}.Debug|x64.Build.0 = Debug|x64
		{5DE8B2C4-90D7-480F-9AEE-BD9F450DF0BD}.Debug|x86.ActiveCfg = Debug|Win32
		{5DE8B2C4-90D7-480F-9AEE-BD9F450DF0BD}.Debug|x86.Build.0 = Debug|Win32
		{5DE8B2C4-90D7-480F-9AEE-BD9F450DF0BD}.Release|x64.ActiveCfg = Release|x64
		{5DE8B2C4-90D7-480F-9AEE-BD9F450DF0BD}.Release|x64.Build.0 = Release|x64
		{5DE8B2C4-90D7-480F-9AEE-BD9F450DF0BD}.Release|x86.ActiveCfg = Release|Win32
		{5DE8B2C4-90D7-480F-9AEE-BD9F450DF0BD}.Release|x86.Build.0 = Release|Win32
		{9F38BEE5-EC2A-4987-89F5-4B80397CCAAB}.Debug|x64.ActiveCfg = Debug|x64
		{9F38BEE5-EC2A-4987-89F5-4B80397CCAAB}.Debug|x64.Build.0 = Debug|x64
		{9F38BEE5-EC2A-4987-89F5-4B80397CCAAB}.Debug|x86.ActiveCfg = Debug|Win32
		{9F38BEE5-EC2A-4987-89F5-4B80397CCAAB}.Debug|x86.Build.0 = Debug|Win32
		{9F38BEE5-EC2A-4987-89F5-4B80397CCAAB}.Release|x64.ActiveCfg = Release|x64
		{9F38BEE5-EC2A-4987-89F5-4B80397CCAAB}.Release|x64.Build.0 = Release|x64
		{9F38BEE5-EC2A-4987-89F5-4B80397CCAAB}.Release|x86.ActiveCfg = Release|Win32
		{9F38BEE5-EC2A-4987-89F5-4B80397CCAAB}.Release|x86.Build.0 = Release|Win32
		{9C86E356-1452-4C31-A453-D96F7708BEFF}.Debug|x64.ActiveCfg = Debug|x64
		{9C86E356-1452-4C31-A453-D96F7708BEFF}.Debug|x64.Build.0 = Debug|x64
		{9C86E356-1452-4C31-A453-D96F7708BEFF}.Debug|x86.ActiveCfg = Debug|Win32
		{9C86E356-1452-4C31-A453-D96F7708BEFF}.Debug|x86.Build.0 = Debug|Win32
		{9C86E356-1452-4C31-A453-D96F7708BEFF}.Release|x64.ActiveCfg = Release|x64
		{9C86E356-1452-4C31-A453-D96F7708BEFF}.Release|x64.Build.0 = Release|x64
		{9C86E356-1452-4C31-A453-D96F7708BEFF}.Release|x86.ActiveCfg = Release|Win32
		{9C86E356-1452-4C31-A453-D96F7708BEFF}.Release|x86.Build.0 = Release|Win32
		{30DFEC27-EE6B-42A6-A4FE-F86F73824FBB}.Debug|x64.ActiveCfg = Debug|x64
		{30DFEC27-EE6B-42A6-A4FE-F86F73824FBB}.Debug|x64.Build.0 = Debug|x64
		{30DFEC27-EE6B-42A6-A4FE-F86F73824FBB}.Debug|x86.ActiveCfg = Debug|Win32
		{30DFEC27-EE6B-42A6-A4FE-F86F73824FBB}.Debug|x86.Build.0 = Debug|Win32
		{30DFEC27-EE6B-42A6-A4FE-F86F73824FBB}.Release|x64.ActiveCfg = Release|x64
		{30DFEC27-EE6B-42A6-A4FE-F86F73824FBB}.Release|x64.Build.0 = Release|x64
		{30DFEC27-EE6B-42A6-A4FE-F86F73824FBB}.Release|x86.ActiveCfg = Release|Win32
		{30DFEC27-EE6B-42A6-A4FE-F86F73824FBB}.Release|x86.Build.0 = Release|Win32
	EndGlobalSection
	GlobalSection(SolutionProperties) = preSolution
		HideSolutionNode = FALSE
	EndGlobalSection
	GlobalSection(ExtensibilityGlobals) = postSolution
		SolutionGuid = {FBF3199A-FA41-4832-A67E-CD7D1FEED7C7}
	EndGlobalSection
EndGlobal
